// !$*UTF8*$!
{
	archiveVersion = 1;
	classes = {
	};
	objectVersion = 77;
	objects = {

/* Begin PBXBuildFile section */
		88C65891305B196700986226 /* ZipArchive.framework in Frameworks */ = {isa = PBXBuildFile; fileRef = 88C65875305B195800986226 /* ZipArchive.framework */; };
		88C65892305B196700986226 /* ZipArchive.framework in Embed Frameworks */ = {isa = PBXBuildFile; fileRef = 88C65875305B195800986226 /* ZipArchive.framework */; settings = {ATTRIBUTES = (CodeSignOnCopy, RemoveHeadersOnCopy, ); }; };
/* End PBXBuildFile section */

/* Begin PBXContainerItemProxy section */
		88C65874305B195800986226 /* PBXContainerItemProxy */ = {
			isa = PBXContainerItemProxy;
			containerPortal = 88C6586A305B195700986226 /* ZipArchive.xcodeproj */;
			proxyType = 2;
			remoteGlobalIDString = B423AE1A1C0DF76A0004A2F1;
			remoteInfo = "ZipArchive-iOS";
		};
/* End PBXContainerItemProxy section */

/* Begin PBXCopyFilesBuildPhase section */
		883FA468304F4CC800B215C1 /* Embed Frameworks */ = {
			isa = PBXCopyFilesBuildPhase;
			buildActionMask = 2147483647;
			dstPath = "";
			dstSubfolderSpec = 10;
			files = (
				88C65892305B196700986226 /* ZipArchive.framework in Embed Frameworks */,
			);
			name = "Embed Frameworks";
			runOnlyForDeploymentPostprocessing = 0;
		};
/* End PBXCopyFilesBuildPhase section */

/* Begin PBXFileReference section */
		883FA41C304F4C6300B215C1 /* libiconv.tbd */ = {isa = PBXFileReference; lastKnownFileType = "sourcecode.text-based-dylib-definition"; name = libiconv.tbd; path = usr/lib/libiconv.tbd; sourceTree = SDKROOT; };
		883FA41D304F4C7000B215C1 /* libz.tbd */ = {isa = PBXFileReference; lastKnownFileType = "sourcecode.text-based-dylib-definition"; name = libz.tbd; path = usr/lib/libz.tbd; sourceTree = SDKROOT; };
		88997EE22FFEDE9100D500F1 /* Launcher.app */ = {isa = PBXFileReference; explicitFileType = wrapper.application; includeInIndex = 0; path = Launcher.app; sourceTree = BUILT_PRODUCTS_DIR; };
		88C6586A305B195700986226 /* ZipArchive.xcodeproj */ = {isa = PBXFileReference; lastKnownFileType = "wrapper.pb-project"; path = ZipArchive.xcodeproj; sourceTree = "<group>"; };
/* End PBXFileReference section */

/* Begin PBXFileSystemSynchronizedBuildFileExceptionSet section */
		88997EF92FFEDE9200D500F1 /* Exceptions for "Launcher" folder in "Launcher" target */ = {
			isa = PBXFileSystemSynchronizedBuildFileExceptionSet;
			membershipExceptions = (
				Info.plist,
				SceneDelegate.m,
				SDL2.framework,
			);
			target = 88997EE12FFEDE9100D500F1 /* Launcher */;
		};
/* End PBXFileSystemSynchronizedBuildFileExceptionSet section */

/* Begin PBXFileSystemSynchronizedRootGroup section */
		88997EE42FFEDE9100D500F1 /* Launcher */ = {
			isa = PBXFileSystemSynchronizedRootGroup;
			exceptions = (
				88997EF92FFEDE9200D500F1 /* Exceptions for "Launcher" folder in "Launcher" target */,
			);
			path = Launcher;
			sourceTree = "<group>";
		};
/* End PBXFileSystemSynchronizedRootGroup section */

/* Begin PBXFrameworksBuildPhase section */
		88997EDF2FFEDE9100D500F1 /* Frameworks */ = {
			isa = PBXFrameworksBuildPhase;
			buildActionMask = 2147483647;
			files = (
				88C65891305B196700986226 /* ZipArchive.framework in Frameworks */,
			);
			runOnlyForDeploymentPostprocessing = 0;
		};
/* End PBXFrameworksBuildPhase section */

/* Begin PBXGroup section */
		88997ED92FFEDE9100D500F1 = {
			isa = PBXGroup;
			children = (
				88997EE42FFEDE9100D500F1 /* Launcher */,
				88B6C88A303B9180002B8DD2 /* Frameworks */,
				88997EE32FFEDE9100D500F1 /* Products */,
			);
			sourceTree = "<group>";
		};
		88997EE32FFEDE9100D500F1 /* Products */ = {
			isa = PBXGroup;
			children = (
				88997EE22FFEDE9100D500F1 /* Launcher.app */,
			);
			name = Products;
			sourceTree = "<group>";
		};
		88B6C88A303B9180002B8DD2 /* Frameworks */ = {
			isa = PBXGroup;
			children = (
				88C6586B305B195700986226 /* SSZipArchive-master */,
				883FA41D304F4C7000B215C1 /* libz.tbd */,
				883FA41C304F4C6300B215C1 /* libiconv.tbd */,
			);
			name = Frameworks;
			sourceTree = "<group>";
		};
		88C6586B305B195700986226 /* SSZipArchive-master */ = {
			isa = PBXGroup;
			children = (
				88C6586A305B195700986226 /* ZipArchive.xcodeproj */,
			);
			path = "SSZipArchive-master";
			sourceTree = "<group>";
		};
		88C6586E305B195700986226 /* Products */ = {
			isa = PBXGroup;
			children = (
				88C65875305B195800986226 /* ZipArchive.framework */,
			);
			name = Products;
			sourceTree = "<group>";
		};
/* End PBXGroup section */

/* Begin PBXNativeTarget section */
		88997EE12FFEDE9100D500F1 /* Launcher */ = {
			isa = PBXNativeTarget;
			buildConfigurationList = 88997EFA2FFEDE9200D500F1 /* Build configuration list for PBXNativeTarget "Launcher" */;
			buildPhases = (
				88C65746305AFEE500986226 /* ShellScript */,
				88997EDE2FFEDE9100D500F1 /* Sources */,
				88997EDF2FFEDE9100D500F1 /* Frameworks */,
				88997EE02FFEDE9100D500F1 /* Resources */,
				883FA468304F4CC800B215C1 /* Embed Frameworks */,
				88C65753305B0F7900986226 /* ShellScript */,
			);
			buildRules = (
			);
			dependencies = (
			);
			fileSystemSynchronizedGroups = (
				88997EE42FFEDE9100D500F1 /* Launcher */,
			);
			name = Launcher;
			packageProductDependencies = (
			);
			productName = Launchertest;
			productReference = 88997EE22FFEDE9100D500F1 /* Launcher.app */;
			productType = "com.apple.product-type.application";
		};
/* End PBXNativeTarget section */

/* Begin PBXProject section */
		88997EDA2FFEDE9100D500F1 /* Project object */ = {
			isa = PBXProject;
			attributes = {
				BuildIndependentTargetsInParallel = 1;
				LastSwiftUpdateCheck = 2650;
				LastUpgradeCheck = 2700;
				TargetAttributes = {
					88997EE12FFEDE9100D500F1 = {
						CreatedOnToolsVersion = 26.5;
					};
				};
			};
			buildConfigurationList = 88997EDD2FFEDE9100D500F1 /* Build configuration list for PBXProject "Launcher" */;
			developmentRegion = en;
			hasScannedForEncodings = 0;
			knownRegions = (
				en,
				Base,
			);
			mainGroup = 88997ED92FFEDE9100D500F1;
			minimizedProjectReferenceProxies = 1;
			preferredProjectObjectVersion = 77;
			productRefGroup = 88997EE32FFEDE9100D500F1 /* Products */;
			projectDirPath = "";
			projectReferences = (
				{
					ProductGroup = 88C6586E305B195700986226 /* Products */;
					ProjectRef = 88C6586A305B195700986226 /* ZipArchive.xcodeproj */;
				},
			);
			projectRoot = "";
			targets = (
				88997EE12FFEDE9100D500F1 /* Launcher */,
			);
		};
/* End PBXProject section */

/* Begin PBXReferenceProxy section */
		88C65875305B195800986226 /* ZipArchive.framework */ = {
			isa = PBXReferenceProxy;
			fileType = wrapper.framework;
			path = ZipArchive.framework;
			remoteRef = 88C65874305B195800986226 /* PBXContainerItemProxy */;
			sourceTree = BUILT_PRODUCTS_DIR;
		};
/* End PBXReferenceProxy section */

/* Begin PBXResourcesBuildPhase section */
		88997EE02FFEDE9100D500F1 /* Resources */ = {
			isa = PBXResourcesBuildPhase;
			buildActionMask = 2147483647;
			files = (
			);
			runOnlyForDeploymentPostprocessing = 0;
		};
/* End PBXResourcesBuildPhase section */

/* Begin PBXShellScriptBuildPhase section */
		88C65746305AFEE500986226 /* ShellScript */ = {
			isa = PBXShellScriptBuildPhase;
			alwaysOutOfDate = 1;
			buildActionMask = 2147483647;
			files = (
			);
			inputFileListPaths = (
			);
			inputPaths = (
			);
			outputFileListPaths = (
			);
			outputPaths = (
			);
			runOnlyForDeploymentPostprocessing = 0;
			shellPath = /bin/sh;
			shellScript = "cd ..\n\n#customize engine build here\n./waf configure --ios --enable-bundled-deps -T release --sdl2=$(realpath \"SDL2.framework\") --enable-lto || exit 1\n\n./waf build install --destdir=$TARGET_BUILD_DIR/$UNLOCALIZED_RESOURCES_FOLDER_PATH\n\ncp -r SDL2.framework $TARGET_BUILD_DIR/$UNLOCALIZED_RESOURCES_FOLDER_PATH\n\n\nif [ $CODE_SIGNING_ALLOWED != \"NO\" ]; then\n\tcodesign --force --verbose --sign \"$EXPANDED_CODE_SIGN_IDENTITY\" $TARGET_BUILD_DIR/$UNLOCALIZED_RESOURCES_FOLDER_PATH/*.dylib\n\tcodesign --force --verbose --sign \"$EXPANDED_CODE_SIGN_IDENTITY\" $TARGET_BUILD_DIR/$UNLOCALIZED_RESOURCES_FOLDER_PATH/SDL2.framework\nfi\n";
		};
		88C65753305B0F7900986226 /* ShellScript */ = {
			isa = PBXShellScriptBuildPhase;
			buildActionMask = 2147483647;
			files = (
			);
			inputFileListPaths = (
			);
			inputPaths = (
			);
			outputFileListPaths = (
			);
			outputPaths = (
			);
			runOnlyForDeploymentPostprocessing = 0;
			shellPath = /bin/sh;
			shellScript = "# Type a script or drag a script file from your workspace to insert its path.\n\ncd ..\n\nmkdir -p build/ios/Payload\ncp -r $TARGET_BUILD_DIR/$UNLOCALIZED_RESOURCES_FOLDER_PATH build/ios/Payload\nif [ -d \"build/ios/libs/\" ]; then\n\tcp -r \"build/ios/libs/\"* \"build/ios/Payload/$PRODUCT_NAME.app\"\nfi\n\nif [ -e build/xash3d.ipa ]; then\n\trm build/xash3d.ipa\nfi\n\ncd build/ios\n    \nzip -r ../xash3d.ipa Payload\n\ncd ../..\n";
		};
/* End PBXShellScriptBuildPhase section */

/* Begin PBXSourcesBuildPhase section */
		88997EDE2FFEDE9100D500F1 /* Sources */ = {
			isa = PBXSourcesBuildPhase;
			buildActionMask = 2147483647;
			files = (
			);
			runOnlyForDeploymentPostprocessing = 0;
		};
/* End PBXSourcesBuildPhase section */

/* Begin XCBuildConfiguration section */
		88997EFB2FFEDE9200D500F1 /* Debug */ = {
			isa = XCBuildConfiguration;
			buildSettings = {
				ASSETCATALOG_COMPILER_APPICON_NAME = AppIcon;
				ASSETCATALOG_COMPILER_GLOBAL_ACCENT_COLOR_NAME = AccentColor;
				CLANG_CXX_LANGUAGE_STANDARD = "c++0x";
				CODE_SIGN_ENTITLEMENTS = Launcher/Launcher.entitlements;
				CODE_SIGN_STYLE = Automatic;
				CURRENT_PROJECT_VERSION = 1;
				DEVELOPMENT_ASSET_PATHS = "";
				DEVELOPMENT_TEAM = 2325C8368V;
				ENABLE_USER_SCRIPT_SANDBOXING = NO;
				FRAMEWORK_SEARCH_PATHS = (
					"$(inherited)",
					"$(PROJECT_DIR)/Launcher",
				);
				GCC_PREPROCESSOR_DEFINITIONS = "DEBUG=1";
				GENERATE_INFOPLIST_FILE = YES;
				HEADER_SEARCH_PATHS = (
					"\"$(SRCROOT)/src\"",
					"\"$(SRCROOT)/../../Desktop/Sources/openssl/include\"",
				);
				INFOPLIST_FILE = Launcher/Info.plist;
				INFOPLIST_KEY_NSMicrophoneUsageDescription = "Microphone permissions are required for voice chat to work";
				INFOPLIST_KEY_NSUserTrackingUsageDescription = "This permission allows the engine to generate the same XashID even after reinstallation or bundle id changes, XashID is used to uniquely identify your device when playing in multiplayer";
				INFOPLIST_KEY_UIApplicationSupportsIndirectInputEvents = YES;
				INFOPLIST_KEY_UILaunchStoryboardName = LaunchScreen;
				INFOPLIST_KEY_UISupportedInterfaceOrientations_iPad = "UIInterfaceOrientationPortrait UIInterfaceOrientationPortraitUpsideDown UIInterfaceOrientationLandscapeLeft UIInterfaceOrientationLandscapeRight";
				INFOPLIST_KEY_UISupportedInterfaceOrientations_iPhone = "UIInterfaceOrientationPortrait UIInterfaceOrientationLandscapeLeft UIInterfaceOrientationLandscapeRight";
				INFOPLIST_KEY_UISupportsDocumentBrowser = YES;
				IPHONEOS_DEPLOYMENT_TARGET = 11.0;
				LD_RUNPATH_SEARCH_PATHS = (
					"$(inherited)",
					"@executable_path/Frameworks",
				);
				LIBRARY_SEARCH_PATHS = (
					"$(inherited)",
					"$(PROJECT_DIR)/Launcher",
					"$(PROJECT_DIR)",
				);
				MARKETING_VERSION = 1.0;
				OTHER_LDFLAGS = "";
				PRODUCT_BUNDLE_IDENTIFIER = su.xash.engine;
				PRODUCT_NAME = "$(TARGET_NAME)";
				STRING_CATALOG_GENERATE_SYMBOLS = YES;
				SUPPORTED_PLATFORMS = "iphoneos iphonesimulator";
				SUPPORTS_MACCATALYST = NO;
				SUPPORTS_MAC_DESIGNED_FOR_IPHONE_IPAD = NO;
				SWIFT_EMIT_LOC_STRINGS = YES;
				TARGETED_DEVICE_FAMILY = "1,2";
				__DIAGNOSE_INVALID_DEPLOYMENT_TARGET_AS_ERROR = NO;
			};
			name = Debug;
		};
		88997EFC2FFEDE9200D500F1 /* Release */ = {
			isa = XCBuildConfiguration;
			buildSettings = {
				ASSETCATALOG_COMPILER_APPICON_NAME = AppIcon;
				ASSETCATALOG_COMPILER_GLOBAL_ACCENT_COLOR_NAME = AccentColor;
				CLANG_CXX_LANGUAGE_STANDARD = "c++0x";
				CODE_SIGN_ENTITLEMENTS = Launcher/Launcher.entitlements;
				CODE_SIGN_STYLE = Automatic;
				CURRENT_PROJECT_VERSION = 1;
				DEVELOPMENT_ASSET_PATHS = "";
				DEVELOPMENT_TEAM = 2325C8368V;
				ENABLE_USER_SCRIPT_SANDBOXING = NO;
				FRAMEWORK_SEARCH_PATHS = (
					"$(inherited)",
					"$(PROJECT_DIR)/Launcher",
				);
				GCC_PREPROCESSOR_DEFINITIONS = "";
				GENERATE_INFOPLIST_FILE = YES;
				HEADER_SEARCH_PATHS = (
					"\"$(SRCROOT)/src\"",
					"\"$(SRCROOT)/../../Desktop/Sources/openssl/include\"",
				);
				INFOPLIST_FILE = Launcher/Info.plist;
				INFOPLIST_KEY_NSMicrophoneUsageDescription = "Microphone permissions are required for voice chat to work";
				INFOPLIST_KEY_NSUserTrackingUsageDescription = "This permission allows the engine to generate the same XashID even after reinstallation or bundle id changes, XashID is used to uniquely identify your device when playing in multiplayer";
				INFOPLIST_KEY_UIApplicationSupportsIndirectInputEvents = YES;
				INFOPLIST_KEY_UILaunchStoryboardName = LaunchScreen;
				INFOPLIST_KEY_UISupportedInterfaceOrientations_iPad = "UIInterfaceOrientationPortrait UIInterfaceOrientationPortraitUpsideDown UIInterfaceOrientationLandscapeLeft UIInterfaceOrientationLandscapeRight";
				INFOPLIST_KEY_UISupportedInterfaceOrientations_iPhone = "UIInterfaceOrientationPortrait UIInterfaceOrientationLandscapeLeft UIInterfaceOrientationLandscapeRight";
				INFOPLIST_KEY_UISupportsDocumentBrowser = YES;
				IPHONEOS_DEPLOYMENT_TARGET = 11.0;
				LD_RUNPATH_SEARCH_PATHS = (
					"$(inherited)",
					"@executable_path/Frameworks",
				);
				LIBRARY_SEARCH_PATHS = (
					"$(inherited)",
					"$(PROJECT_DIR)/Launcher",
					"$(PROJECT_DIR)",
				);
				MARKETING_VERSION = 1.0;
				OTHER_LDFLAGS = "";
				PRODUCT_BUNDLE_IDENTIFIER = su.xash.engine;
				PRODUCT_NAME = "$(TARGET_NAME)";
				STRING_CATALOG_GENERATE_SYMBOLS = YES;
				SUPPORTED_PLATFORMS = "iphoneos iphonesimulator";
				SUPPORTS_MACCATALYST = NO;
				SUPPORTS_MAC_DESIGNED_FOR_IPHONE_IPAD = NO;
				SWIFT_EMIT_LOC_STRINGS = YES;
				TARGETED_DEVICE_FAMILY = "1,2";
				__DIAGNOSE_INVALID_DEPLOYMENT_TARGET_AS_ERROR = NO;
			};
			name = Release;
		};
		88997EFD2FFEDE9200D500F1 /* Debug */ = {
			isa = XCBuildConfiguration;
			buildSettings = {
				ALWAYS_SEARCH_USER_PATHS = NO;
				ASSETCATALOG_COMPILER_GENERATE_SWIFT_ASSET_SYMBOL_EXTENSIONS = YES;
				CLANG_ANALYZER_NONNULL = YES;
				CLANG_ANALYZER_NUMBER_OBJECT_CONVERSION = YES_AGGRESSIVE;
				CLANG_CXX_LANGUAGE_STANDARD = "gnu++20";
				CLANG_ENABLE_MODULES = YES;
				CLANG_ENABLE_OBJC_ARC = YES;
				CLANG_ENABLE_OBJC_WEAK = YES;
				CLANG_WARN_BLOCK_CAPTURE_AUTORELEASING = YES;
				CLANG_WARN_BOOL_CONVERSION = YES;
				CLANG_WARN_COMMA = YES;
				CLANG_WARN_CONSTANT_CONVERSION = YES;
				CLANG_WARN_DEPRECATED_OBJC_IMPLEMENTATIONS = YES;
				CLANG_WARN_DIRECT_OBJC_ISA_USAGE = YES_ERROR;
				CLANG_WARN_DOCUMENTATION_COMMENTS = YES;
				CLANG_WARN_EMPTY_BODY = YES;
				CLANG_WARN_ENUM_CONVERSION = YES;
				CLANG_WARN_INFINITE_RECURSION = YES;
				CLANG_WARN_INT_CONVERSION = YES;
				CLANG_WARN_NON_LITERAL_NULL_CONVERSION = YES;
				CLANG_WARN_OBJC_IMPLICIT_RETAIN_SELF = YES;
				CLANG_WARN_OBJC_LITERAL_CONVERSION = YES;
				CLANG_WARN_OBJC_ROOT_CLASS = YES_ERROR;
				CLANG_WARN_QUOTED_INCLUDE_IN_FRAMEWORK_HEADER = YES;
				CLANG_WARN_RANGE_LOOP_ANALYSIS = YES;
				CLANG_WARN_STRICT_PROTOTYPES = YES;
				CLANG_WARN_SUSPICIOUS_MOVE = YES;
				CLANG_WARN_UNGUARDED_AVAILABILITY = YES_AGGRESSIVE;
				CLANG_WARN_UNREACHABLE_CODE = YES;
				CLANG_WARN__DUPLICATE_METHOD_MATCH = YES;
				COPY_PHASE_STRIP = NO;
				DEBUG_INFORMATION_FORMAT = dwarf;
				DEVELOPMENT_TEAM = 2325C8368V;
				ENABLE_STRICT_OBJC_MSGSEND = YES;
				ENABLE_TESTABILITY = YES;
				ENABLE_USER_SCRIPT_SANDBOXING = YES;
				GCC_C_LANGUAGE_STANDARD = gnu17;
				GCC_DYNAMIC_NO_PIC = NO;
				GCC_NO_COMMON_BLOCKS = YES;
				GCC_OPTIMIZATION_LEVEL = 0;
				GCC_PREPROCESSOR_DEFINITIONS = (
					"DEBUG=1",
					"$(inherited)",
				);
				GCC_WARN_64_TO_32_BIT_CONVERSION = YES;
				GCC_WARN_ABOUT_RETURN_TYPE = YES_ERROR;
				GCC_WARN_UNDECLARED_SELECTOR = YES;
				GCC_WARN_UNINITIALIZED_AUTOS = YES_AGGRESSIVE;
				GCC_WARN_UNUSED_FUNCTION = YES;
				GCC_WARN_UNUSED_VARIABLE = YES;
				IPHONEOS_DEPLOYMENT_TARGET = 26.5;
				LOCALIZATION_PREFERS_STRING_CATALOGS = YES;
				MTL_ENABLE_DEBUG_INFO = INCLUDE_SOURCE;
				MTL_FAST_MATH = YES;
				ONLY_ACTIVE_ARCH = YES;
				SDKROOT = iphoneos;
				STRING_CATALOG_GENERATE_SYMBOLS = YES;
			};
			name = Debug;
		};
		88997EFE2FFEDE9200D500F1 /* Release */ = {
			isa = XCBuildConfiguration;
			buildSettings = {
				ALWAYS_SEARCH_USER_PATHS = NO;
				ASSETCATALOG_COMPILER_GENERATE_SWIFT_ASSET_SYMBOL_EXTENSIONS = YES;
				CLANG_ANALYZER_NONNULL = YES;
				CLANG_ANALYZER_NUMBER_OBJECT_CONVERSION = YES_AGGRESSIVE;
				CLANG_CXX_LANGUAGE_STANDARD = "gnu++20";
				CLANG_ENABLE_MODULES = YES;
				CLANG_ENABLE_OBJC_ARC = YES;
				CLANG_ENABLE_OBJC_WEAK = YES;
				CLANG_WARN_BLOCK_CAPTURE_AUTORELEASING = YES;
				CLANG_WARN_BOOL_CONVERSION = YES;
				CLANG_WARN_COMMA = YES;
				CLANG_WARN_CONSTANT_CONVERSION = YES;
				CLANG_WARN_DEPRECATED_OBJC_IMPLEMENTATIONS = YES;
				CLANG_WARN_DIRECT_OBJC_ISA_USAGE = YES_ERROR;
				CLANG_WARN_DOCUMENTATION_COMMENTS = YES;
				CLANG_WARN_EMPTY_BODY = YES;
				CLANG_WARN_ENUM_CONVERSION = YES;
				CLANG_WARN_INFINITE_RECURSION = YES;
				CLANG_WARN_INT_CONVERSION = YES;
				CLANG_WARN_NON_LITERAL_NULL_CONVERSION = YES;
				CLANG_WARN_OBJC_IMPLICIT_RETAIN_SELF = YES;
				CLANG_WARN_OBJC_LITERAL_CONVERSION = YES;
				CLANG_WARN_OBJC_ROOT_CLASS = YES_ERROR;
				CLANG_WARN_QUOTED_INCLUDE_IN_FRAMEWORK_HEADER = YES;
				CLANG_WARN_RANGE_LOOP_ANALYSIS = YES;
				CLANG_WARN_STRICT_PROTOTYPES = YES;
				CLANG_WARN_SUSPICIOUS_MOVE = YES;
				CLANG_WARN_UNGUARDED_AVAILABILITY = YES_AGGRESSIVE;
				CLANG_WARN_UNREACHABLE_CODE = YES;
				CLANG_WARN__DUPLICATE_METHOD_MATCH = YES;
				COPY_PHASE_STRIP = NO;
				DEBUG_INFORMATION_FORMAT = "dwarf-with-dsym";
				DEVELOPMENT_TEAM = 2325C8368V;
				ENABLE_NS_ASSERTIONS = NO;
				ENABLE_STRICT_OBJC_MSGSEND = YES;
				ENABLE_USER_SCRIPT_SANDBOXING = YES;
				GCC_C_LANGUAGE_STANDARD = gnu17;
				GCC_NO_COMMON_BLOCKS = YES;
				GCC_WARN_64_TO_32_BIT_CONVERSION = YES;
				GCC_WARN_ABOUT_RETURN_TYPE = YES_ERROR;
				GCC_WARN_UNDECLARED_SELECTOR = YES;
				GCC_WARN_UNINITIALIZED_AUTOS = YES_AGGRESSIVE;
				GCC_WARN_UNUSED_FUNCTION = YES;
				GCC_WARN_UNUSED_VARIABLE = YES;
				IPHONEOS_DEPLOYMENT_TARGET = 26.5;
				LOCALIZATION_PREFERS_STRING_CATALOGS = YES;
				MTL_ENABLE_DEBUG_INFO = NO;
				MTL_FAST_MATH = YES;
				SDKROOT = iphoneos;
				STRING_CATALOG_GENERATE_SYMBOLS = YES;
				VALIDATE_PRODUCT = YES;
			};
			name = Release;
		};
/* End XCBuildConfiguration section */

/* Begin XCConfigurationList section */
		88997EDD2FFEDE9100D500F1 /* Build configuration list for PBXProject "Launcher" */ = {
			isa = XCConfigurationList;
			buildConfigurations = (
				88997EFD2FFEDE9200D500F1 /* Debug */,
				88997EFE2FFEDE9200D500F1 /* Release */,
			);
			defaultConfigurationIsVisible = 0;
			defaultConfigurationName = Release;
		};
		88997EFA2FFEDE9200D500F1 /* Build configuration list for PBXNativeTarget "Launcher" */ = {
			isa = XCConfigurationList;
			buildConfigurations = (
				88997EFB2FFEDE9200D500F1 /* Debug */,
				88997EFC2FFEDE9200D500F1 /* Release */,
			);
			defaultConfigurationIsVisible = 0;
			defaultConfigurationName = Release;
		};
/* End XCConfigurationList section */
	};
	rootObject = 88997EDA2FFEDE9100D500F1 /* Project object */;
}
