
Microsoft Visual Studio Solution File, Format Version 12.00
# Visual Studio Version 16
VisualStudioVersion = 16.0.29411.108
MinimumVisualStudioVersion = 10.0.40219.1
Project("{8BC9CEB8-8B4A-11D0-8D11-00A0C91BC942}") = "server", "server.vcxproj", "{70A2B904-B7DB-4C48-8DE0-AF567360D572}"
EndProject
Project("{8BC9CEB8-8B4A-11D0-8D11-00A0C91BC942}") = "client", "client.vcxproj", "{DC1DD765-CFEB-47DA-A2EA-9F1E20A24272}"
EndProject
Project("{8BC9CEB8-8B4A-11D0-8D11-00A0C91BC942}") = "mainui", "mainui.vcxproj", "{90F48F37-D9F8-4F36-B04F-1FC8CC834424}"
EndProject
Project("{8BC9CEB8-8B4A-11D0-8D11-00A0C91BC942}") = "game_launch", "game_launch.vcxproj", "{54F94AA6-5732-43CC-9884-9FBC00B0F314}"
	ProjectSection(ProjectDependencies) = postProject
		{70A2B904-B7DB-4C48-8DE0-AF567360D572} = {70A2B904-B7DB-4C48-8DE0-AF567360D572}
		{90F48F37-D9F8-4F36-B04F-1FC8CC834424} = {90F48F37-D9F8-4F36-B04F-1FC8CC834424}
		{968E2A53-1185-43C9-A6D9-1F5C8C8AAA23} = {968E2A53-1185-43C9-A6D9-1F5C8C8AAA23}
		{DC1DD765-CFEB-47DA-A2EA-9F1E20A24272} = {DC1DD765-CFEB-47DA-A2EA-9F1E20A24272}
	EndProjectSection
EndProject
Project("{8BC9CEB8-8B4A-11D0-8D11-00A0C91BC942}") = "engine", "engine.vcxproj", "{968E2A53-1185-43C9-A6D9-1F5C8C8AAA23}"
	ProjectSection(ProjectDependencies) = postProject
		{89E9B32E-A86A-47C3-A948-D2B1622925CE} = {89E9B32E-A86A-47C3-A948-D2B1622925CE}
	EndProjectSection
EndProject
Project("{8BC9CEB8-8B4A-11D0-8D11-00A0C91BC942}") = "SDL2-UWP", "..\SDL2\VisualC-WinRT\UWP_VS2015\SDL-UWP.vcxproj", "{89E9B32E-A86A-47C3-A948-D2B1622925CE}"
EndProject
Project("{8BC9CEB8-8B4A-11D0-8D11-00A0C91BC942}") = "ref_gles2", "ref_gles2.vcxproj", "{7787C76B-64FD-4910-8494-8FF5B97789AE}"
EndProject
Global
	GlobalSection(SolutionConfigurationPlatforms) = preSolution
		Debug|x64 = Debug|x64
		Debug|x86 = Debug|x86
		Release|x64 = Release|x64
		Release|x86 = Release|x86
	EndGlobalSection
	GlobalSection(ProjectConfigurationPlatforms) = postSolution
		{70A2B904-B7DB-4C48-8DE0-AF567360D572}.Debug|x64.ActiveCfg = Debug|x64
		{70A2B904-B7DB-4C48-8DE0-AF567360D572}.Debug|x64.Build.0 = Debug|x64
		{70A2B904-B7DB-4C48-8DE0-AF567360D572}.Debug|x86.ActiveCfg = Debug|Win32
		{70A2B904-B7DB-4C48-8DE0-AF567360D572}.Debug|x86.Build.0 = Debug|Win32
		{70A2B904-B7DB-4C48-8DE0-AF567360D572}.Release|x64.ActiveCfg = Release|x64
		{70A2B904-B7DB-4C48-8DE0-AF567360D572}.Release|x64.Build.0 = Release|x64
		{70A2B904-B7DB-4C48-8DE0-AF567360D572}.Release|x86.ActiveCfg = Release|Win32
		{70A2B904-B7DB-4C48-8DE0-AF567360D572}.Release|x86.Build.0 = Release|Win32
		{DC1DD765-CFEB-47DA-A2EA-9F1E20A24272}.Debug|x64.ActiveCfg = Debug|x64
		{DC1DD765-CFEB-47DA-A2EA-9F1E20A24272}.Debug|x64.Build.0 = Debug|x64
		{DC1DD765-CFEB-47DA-A2EA-9F1E20A24272}.Debug|x86.ActiveCfg = Debug|Win32
		{DC1DD765-CFEB-47DA-A2EA-9F1E20A24272}.Debug|x86.Build.0 = Debug|Win32
		{DC1DD765-CFEB-47DA-A2EA-9F1E20A24272}.Release|x64.ActiveCfg = Release|x64
		{DC1DD765-CFEB-47DA-A2EA-9F1E20A24272}.Release|x64.Build.0 = Release|x64
		{DC1DD765-CFEB-47DA-A2EA-9F1E20A24272}.Release|x86.ActiveCfg = Release|Win32
		{DC1DD765-CFEB-47DA-A2EA-9F1E20A24272}.Release|x86.Build.0 = Release|Win32
		{90F48F37-D9F8-4F36-B04F-1FC8CC834424}.Debug|x64.ActiveCfg = Debug|x64
		{90F48F37-D9F8-4F36-B04F-1FC8CC834424}.Debug|x64.Build.0 = Debug|x64
		{90F48F37-D9F8-4F36-B04F-1FC8CC834424}.Debug|x86.ActiveCfg = Debug|Win32
		{90F48F37-D9F8-4F36-B04F-1FC8CC834424}.Debug|x86.Build.0 = Debug|Win32
		{90F48F37-D9F8-4F36-B04F-1FC8CC834424}.Release|x64.ActiveCfg = Release|x64
		{90F48F37-D9F8-4F36-B04F-1FC8CC834424}.Release|x64.Build.0 = Release|x64
		{90F48F37-D9F8-4F36-B04F-1FC8CC834424}.Release|x86.ActiveCfg = Release|Win32
		{90F48F37-D9F8-4F36-B04F-1FC8CC834424}.Release|x86.Build.0 = Release|Win32
		{54F94AA6-5732-43CC-9884-9FBC00B0F314}.Debug|x64.ActiveCfg = Debug|x64
		{54F94AA6-5732-43CC-9884-9FBC00B0F314}.Debug|x64.Build.0 = Debug|x64
		{54F94AA6-5732-43CC-9884-9FBC00B0F314}.Debug|x64.Deploy.0 = Debug|x64
		{54F94AA6-5732-43CC-9884-9FBC00B0F314}.Debug|x86.ActiveCfg = Debug|Win32
		{54F94AA6-5732-43CC-9884-9FBC00B0F314}.Debug|x86.Build.0 = Debug|Win32
		{54F94AA6-5732-43CC-9884-9FBC00B0F314}.Debug|x86.Deploy.0 = Debug|Win32
		{54F94AA6-5732-43CC-9884-9FBC00B0F314}.Release|x64.ActiveCfg = Release|x64
		{54F94AA6-5732-43CC-9884-9FBC00B0F314}.Release|x64.Build.0 = Release|x64
		{54F94AA6-5732-43CC-9884-9FBC00B0F314}.Release|x64.Deploy.0 = Release|x64
		{54F94AA6-5732-43CC-9884-9FBC00B0F314}.Release|x86.ActiveCfg = Release|Win32
		{54F94AA6-5732-43CC-9884-9FBC00B0F314}.Release|x86.Build.0 = Release|Win32
		{54F94AA6-5732-43CC-9884-9FBC00B0F314}.Release|x86.Deploy.0 = Release|Win32
		{968E2A53-1185-43C9-A6D9-1F5C8C8AAA23}.Debug|x64.ActiveCfg = Debug|x64
		{968E2A53-1185-43C9-A6D9-1F5C8C8AAA23}.Debug|x64.Build.0 = Debug|x64
		{968E2A53-1185-43C9-A6D9-1F5C8C8AAA23}.Debug|x86.ActiveCfg = Debug|Win32
		{968E2A53-1185-43C9-A6D9-1F5C8C8AAA23}.Debug|x86.Build.0 = Debug|Win32
		{968E2A53-1185-43C9-A6D9-1F5C8C8AAA23}.Release|x64.ActiveCfg = Release|x64
		{968E2A53-1185-43C9-A6D9-1F5C8C8AAA23}.Release|x64.Build.0 = Release|x64
		{968E2A53-1185-43C9-A6D9-1F5C8C8AAA23}.Release|x86.ActiveCfg = Release|Win32
		{968E2A53-1185-43C9-A6D9-1F5C8C8AAA23}.Release|x86.Build.0 = Release|Win32
		{89E9B32E-A86A-47C3-A948-D2B1622925CE}.Debug|x64.ActiveCfg = Debug|x64
		{89E9B32E-A86A-47C3-A948-D2B1622925CE}.Debug|x64.Build.0 = Debug|x64
		{89E9B32E-A86A-47C3-A948-D2B1622925CE}.Debug|x86.ActiveCfg = Debug|Win32
		{89E9B32E-A86A-47C3-A948-D2B1622925CE}.Debug|x86.Build.0 = Debug|Win32
		{89E9B32E-A86A-47C3-A948-D2B1622925CE}.Release|x64.ActiveCfg = Release|x64
		{89E9B32E-A86A-47C3-A948-D2B1622925CE}.Release|x64.Build.0 = Release|x64
		{89E9B32E-A86A-47C3-A948-D2B1622925CE}.Release|x86.ActiveCfg = Release|Win32
		{89E9B32E-A86A-47C3-A948-D2B1622925CE}.Release|x86.Build.0 = Release|Win32
		{7787C76B-64FD-4910-8494-8FF5B97789AE}.Debug|x64.ActiveCfg = Debug|x64
		{7787C76B-64FD-4910-8494-8FF5B97789AE}.Debug|x64.Build.0 = Debug|x64
		{7787C76B-64FD-4910-8494-8FF5B97789AE}.Debug|x86.ActiveCfg = Debug|Win32
		{7787C76B-64FD-4910-8494-8FF5B97789AE}.Debug|x86.Build.0 = Debug|Win32
		{7787C76B-64FD-4910-8494-8FF5B97789AE}.Release|x64.ActiveCfg = Release|x64
		{7787C76B-64FD-4910-8494-8FF5B97789AE}.Release|x64.Build.0 = Release|x64
		{7787C76B-64FD-4910-8494-8FF5B97789AE}.Release|x86.ActiveCfg = Release|Win32
		{7787C76B-64FD-4910-8494-8FF5B97789AE}.Release|x86.Build.0 = Release|Win32
	EndGlobalSection
	GlobalSection(SolutionProperties) = preSolution
		HideSolutionNode = FALSE
	EndGlobalSection
	GlobalSection(ExtensibilityGlobals) = postSolution
		SolutionGuid = {2CE19BF4-70F6-4D3C-BD9A-2034D6B6A912}
	EndGlobalSection
EndGlobal
